
Microsoft Visual Studio Solution File, Format Version 12.00
# Visual Studio Version 17
VisualStudioVersion = 17.8.34330.188
MinimumVisualStudioVersion = 10.0.40219.1
Project("{FAE04EC0-301F-11D3-BF4B-00C04F79EFBC}") = "WMS.UI", "WMS.UI\WMS.UI.csproj", "{EC7510B2-A423-486B-9E9A-E35C0BA5CCAE}"
EndProject
Global
	GlobalSection(SolutionConfigurationPlatforms) = preSolution
		Debug|Any CPU = Debug|Any CPU
		Release|Any CPU = Release|Any CPU
	EndGlobalSection
	GlobalSection(ProjectConfigurationPlatforms) = postSolution
		{EC7510B2-A423-486B-9E9A-E35C0BA5CCAE}.Debug|Any CPU.ActiveCfg = Debug|Any CPU
		{EC7510B2-A423-486B-9E9A-E35C0BA5CCAE}.Debug|Any CPU.Build.0 = Debug|Any CPU
		{EC7510B2-A423-486B-9E9A-E35C0BA5CCAE}.Release|Any CPU.ActiveCfg = Release|Any CPU
		{EC7510B2-A423-486B-9E9A-E35C0BA5CCAE}.Release|Any CPU.Build.0 = Release|Any CPU
	EndGlobalSection
	GlobalSection(SolutionProperties) = preSolution
		HideSolutionNode = FALSE
	EndGlobalSection
	GlobalSection(ExtensibilityGlobals) = postSolution
		SolutionGuid = {39641307-0638-4D16-AD97-3FC2D3029A36}
	EndGlobalSection
EndGlobal
